<?xml version="1.0" encoding="utf-8"?>
<Project ToolsVersion="14.0" xmlns="http://schemas.microsoft.com/developer/msbuild/2003">
  <ItemGroup>
    <ClCompile Include="D:\New folder\LUI-master\LUI-master\source\config_lui.cxx">
      <Filter>Source Files</Filter>
    </ClCompile>
    <ClCompile Include="D:\New folder\LUI-master\LUI-master\source\interrogate_module.cpp">
      <Filter>Source Files</Filter>
    </ClCompile>
    <ClCompile Include="D:\New folder\LUI-master\LUI-master\source\interrogate_wrapper.cpp">
      <Filter>Source Files</Filter>
    </ClCompile>
    <ClCompile Include="D:\New folder\LUI-master\LUI-master\source\luiAtlas.cxx">
      <Filter>Source Files</Filter>
    </ClCompile>
    <ClCompile Include="D:\New folder\LUI-master\LUI-master\source\luiAtlasDescriptor.cxx">
      <Filter>Source Files</Filter>
    </ClCompile>
    <ClCompile Include="D:\New folder\LUI-master\LUI-master\source\luiAtlasPacker.cxx">
      <Filter>Source Files</Filter>
    </ClCompile>
    <ClCompile Include="D:\New folder\LUI-master\LUI-master\source\luiAtlasPool.cxx">
      <Filter>Source Files</Filter>
    </ClCompile>
    <ClCompile Include="D:\New folder\LUI-master\LUI-master\source\luiBaseElement.cxx">
      <Filter>Source Files</Filter>
    </ClCompile>
    <ClCompile Include="D:\New folder\LUI-master\LUI-master\source\luiBaseLayout.cxx">
      <Filter>Source Files</Filter>
    </ClCompile>
    <ClCompile Include="D:\New folder\LUI-master\LUI-master\source\luiBounds.cxx">
      <Filter>Source Files</Filter>
    </ClCompile>
    <ClCompile Include="D:\New folder\LUI-master\LUI-master\source\luiChunkDescriptor.cxx">
      <Filter>Source Files</Filter>
    </ClCompile>
    <ClCompile Include="D:\New folder\LUI-master\LUI-master\source\luiColorable.cxx">
      <Filter>Source Files</Filter>
    </ClCompile>
    <ClCompile Include="D:\New folder\LUI-master\LUI-master\source\luiEventData.cxx">
      <Filter>Source Files</Filter>
    </ClCompile>
    <ClCompile Include="D:\New folder\LUI-master\LUI-master\source\luiExpression.cxx">
      <Filter>Source Files</Filter>
    </ClCompile>
    <ClCompile Include="D:\New folder\LUI-master\LUI-master\source\luiFontPool.cxx">
      <Filter>Source Files</Filter>
    </ClCompile>
    <ClCompile Include="D:\New folder\LUI-master\LUI-master\source\luiHorizontalLayout.cxx">
      <Filter>Source Files</Filter>
    </ClCompile>
    <ClCompile Include="D:\New folder\LUI-master\LUI-master\source\luiInputHandler.cxx">
      <Filter>Source Files</Filter>
    </ClCompile>
    <ClCompile Include="D:\New folder\LUI-master\LUI-master\source\luiObject.cxx">
      <Filter>Source Files</Filter>
    </ClCompile>
    <ClCompile Include="D:\New folder\LUI-master\LUI-master\source\luiRect.cxx">
      <Filter>Source Files</Filter>
    </ClCompile>
    <ClCompile Include="D:\New folder\LUI-master\LUI-master\source\luiRegion.cxx">
      <Filter>Source Files</Filter>
    </ClCompile>
    <ClCompile Include="D:\New folder\LUI-master\LUI-master\source\luiRoot.cxx">
      <Filter>Source Files</Filter>
    </ClCompile>
    <ClCompile Include="D:\New folder\LUI-master\LUI-master\source\luiSprite.cxx">
      <Filter>Source Files</Filter>
    </ClCompile>
    <ClCompile Include="D:\New folder\LUI-master\LUI-master\source\luiText.cxx">
      <Filter>Source Files</Filter>
    </ClCompile>
    <ClCompile Include="D:\New folder\LUI-master\LUI-master\source\luiVertexChunk.cxx">
      <Filter>Source Files</Filter>
    </ClCompile>
    <ClCompile Include="D:\New folder\LUI-master\LUI-master\source\luiVertexPool.cxx">
      <Filter>Source Files</Filter>
    </ClCompile>
    <ClCompile Include="D:\New folder\LUI-master\LUI-master\source\luiVerticalLayout.cxx">
      <Filter>Source Files</Filter>
    </ClCompile>
  </ItemGroup>
  <ItemGroup>
    <ClInclude Include="D:\New folder\LUI-master\LUI-master\source\config_lui.h">
      <Filter>Header Files</Filter>
    </ClInclude>
    <ClInclude Include="D:\New folder\LUI-master\LUI-master\source\luiAtlas.h">
      <Filter>Header Files</Filter>
    </ClInclude>
    <ClInclude Include="D:\New folder\LUI-master\LUI-master\source\luiAtlasDescriptor.h">
      <Filter>Header Files</Filter>
    </ClInclude>
    <ClInclude Include="D:\New folder\LUI-master\LUI-master\source\luiAtlasPacker.h">
      <Filter>Header Files</Filter>
    </ClInclude>
    <ClInclude Include="D:\New folder\LUI-master\LUI-master\source\luiAtlasPool.h">
      <Filter>Header Files</Filter>
    </ClInclude>
    <ClInclude Include="D:\New folder\LUI-master\LUI-master\source\luiBaseElement.h">
      <Filter>Header Files</Filter>
    </ClInclude>
    <ClInclude Include="D:\New folder\LUI-master\LUI-master\source\luiBaseLayout.h">
      <Filter>Header Files</Filter>
    </ClInclude>
    <ClInclude Include="D:\New folder\LUI-master\LUI-master\source\luiBounds.h">
      <Filter>Header Files</Filter>
    </ClInclude>
    <ClInclude Include="D:\New folder\LUI-master\LUI-master\source\luiChunkDescriptor.h">
      <Filter>Header Files</Filter>
    </ClInclude>
    <ClInclude Include="D:\New folder\LUI-master\LUI-master\source\luiColorable.h">
      <Filter>Header Files</Filter>
    </ClInclude>
    <ClInclude Include="D:\New folder\LUI-master\LUI-master\source\luiEventData.h">
      <Filter>Header Files</Filter>
    </ClInclude>
    <ClInclude Include="D:\New folder\LUI-master\LUI-master\source\luiExpression.h">
      <Filter>Header Files</Filter>
    </ClInclude>
    <ClInclude Include="D:\New folder\LUI-master\LUI-master\source\luiFontPool.h">
      <Filter>Header Files</Filter>
    </ClInclude>
    <ClInclude Include="D:\New folder\LUI-master\LUI-master\source\luiHorizontalLayout.h">
      <Filter>Header Files</Filter>
    </ClInclude>
    <ClInclude Include="D:\New folder\LUI-master\LUI-master\source\luiInputHandler.h">
      <Filter>Header Files</Filter>
    </ClInclude>
    <ClInclude Include="D:\New folder\LUI-master\LUI-master\source\luiIterators.h">
      <Filter>Header Files</Filter>
    </ClInclude>
    <ClInclude Include="D:\New folder\LUI-master\LUI-master\source\luiObject.h">
      <Filter>Header Files</Filter>
    </ClInclude>
    <ClInclude Include="D:\New folder\LUI-master\LUI-master\source\luiRect.h">
      <Filter>Header Files</Filter>
    </ClInclude>
    <ClInclude Include="D:\New folder\LUI-master\LUI-master\source\luiRegion.h">
      <Filter>Header Files</Filter>
    </ClInclude>
    <ClInclude Include="D:\New folder\LUI-master\LUI-master\source\luiRoot.h">
      <Filter>Header Files</Filter>
    </ClInclude>
    <ClInclude Include="D:\New folder\LUI-master\LUI-master\source\luiSprite.h">
      <Filter>Header Files</Filter>
    </ClInclude>
    <ClInclude Include="D:\New folder\LUI-master\LUI-master\source\luiText.h">
      <Filter>Header Files</Filter>
    </ClInclude>
    <ClInclude Include="D:\New folder\LUI-master\LUI-master\source\luiVertexChunk.h">
      <Filter>Header Files</Filter>
    </ClInclude>
    <ClInclude Include="D:\New folder\LUI-master\LUI-master\source\luiVertexData.h">
      <Filter>Header Files</Filter>
    </ClInclude>
    <ClInclude Include="D:\New folder\LUI-master\LUI-master\source\luiVertexPool.h">
      <Filter>Header Files</Filter>
    </ClInclude>
    <ClInclude Include="D:\New folder\LUI-master\LUI-master\source\luiVerticalLayout.h">
      <Filter>Header Files</Filter>
    </ClInclude>
  </ItemGroup>
  <ItemGroup>
    <CustomBuild Include="D:\New folder\LUI-master\LUI-master\CMakeLists.txt" />
  </ItemGroup>
  <ItemGroup>
    <None Include="D:\New folder\LUI-master\LUI-master\source\luiAtlas.I" />
    <None Include="D:\New folder\LUI-master\LUI-master\source\luiAtlasDescriptor.I" />
    <None Include="D:\New folder\LUI-master\LUI-master\source\luiAtlasPool.I" />
    <None Include="D:\New folder\LUI-master\LUI-master\source\luiBaseElement.I" />
    <None Include="D:\New folder\LUI-master\LUI-master\source\luiBaseLayout.I" />
    <None Include="D:\New folder\LUI-master\LUI-master\source\luiBounds.I" />
    <None Include="D:\New folder\LUI-master\LUI-master\source\luiChunkDescriptor.I" />
    <None Include="D:\New folder\LUI-master\LUI-master\source\luiColorable.I" />
    <None Include="D:\New folder\LUI-master\LUI-master\source\luiEventData.I" />
    <None Include="D:\New folder\LUI-master\LUI-master\source\luiExpression.I" />
    <None Include="D:\New folder\LUI-master\LUI-master\source\luiFontPool.I" />
    <None Include="D:\New folder\LUI-master\LUI-master\source\luiInputHandler.I" />
    <None Include="D:\New folder\LUI-master\LUI-master\source\luiObject.I" />
    <None Include="D:\New folder\LUI-master\LUI-master\source\luiRect.I" />
    <None Include="D:\New folder\LUI-master\LUI-master\source\luiRegion.I" />
    <None Include="D:\New folder\LUI-master\LUI-master\source\luiRoot.I" />
    <None Include="D:\New folder\LUI-master\LUI-master\source\luiSprite.I" />
    <None Include="D:\New folder\LUI-master\LUI-master\source\luiText.I" />
    <None Include="D:\New folder\LUI-master\LUI-master\source\luiVertexChunk.I" />
    <None Include="D:\New folder\LUI-master\LUI-master\source\luiVertexPool.I" />
  </ItemGroup>
  <ItemGroup>
    <Filter Include="Header Files">
      <UniqueIdentifier>{321039DA-F47D-3B07-BE59-C1312B5E2EC6}</UniqueIdentifier>
    </Filter>
    <Filter Include="Source Files">
      <UniqueIdentifier>{1049414C-D4D9-330F-9F3F-E56602936D92}</UniqueIdentifier>
    </Filter>
  </ItemGroup>
</Project>
